
Microsoft Visual Studio Solution File, Format Version 12.00
# Visual Studio Version 17
VisualStudioVersion = 17.12.35728.132
MinimumVisualStudioVersion = 10.0.40219.1
Project("{FAE04EC0-301F-11D3-BF4B-00C04F79EFBC}") = "SchoolHRAdministration", "SchoolHRAdministration\SchoolHRAdministration.csproj", "{E53CA94B-C3B4-4908-A609-42D136AA4466}"
EndProject
Project("{FAE04EC0-301F-11D3-BF4B-00C04F79EFBC}") = "HRAdministrationAPI", "HRAdministrationAPI\HRAdministrationAPI.csproj", "{C138A91D-6FD4-4106-A903-50B508210B8F}"
EndProject
Global
	GlobalSection(SolutionConfigurationPlatforms) = preSolution
		Debug|Any CPU = Debug|Any CPU
		Release|Any CPU = Release|Any CPU
	EndGlobalSection
	GlobalSection(ProjectConfigurationPlatforms) = postSolution
		{E53CA94B-C3B4-4908-A609-42D136AA4466}.Debug|Any CPU.ActiveCfg = Debug|Any CPU
		{E53CA94B-C3B4-4908-A609-42D136AA4466}.Debug|Any CPU.Build.0 = Debug|Any CPU
		{E53CA94B-C3B4-4908-A609-42D136AA4466}.Release|Any CPU.ActiveCfg = Release|Any CPU
		{E53CA94B-C3B4-4908-A609-42D136AA4466}.Release|Any CPU.Build.0 = Release|Any CPU
		{C138A91D-6FD4-4106-A903-50B508210B8F}.Debug|Any CPU.ActiveCfg = Debug|Any CPU
		{C138A91D-6FD4-4106-A903-50B508210B8F}.Debug|Any CPU.Build.0 = Debug|Any CPU
		{C138A91D-6FD4-4106-A903-50B508210B8F}.Release|Any CPU.ActiveCfg = Release|Any CPU
		{C138A91D-6FD4-4106-A903-50B508210B8F}.Release|Any CPU.Build.0 = Release|Any CPU
	EndGlobalSection
	GlobalSection(SolutionProperties) = preSolution
		HideSolutionNode = FALSE
	EndGlobalSection
EndGlobal
